
Microsoft Visual Studio Solution File, Format Version 12.00
# Visual Studio 2012
Project("{2150E333-8FDC-42A3-9474-1A3956D46DE8}") = "DateAndTime", "DateAndTime", "{EDD80840-9B3F-4E77-A12D-7C001D533936}"
EndProject
Project("{2150E333-8FDC-42A3-9474-1A3956D46DE8}") = "Cultures", "Cultures", "{DACBF893-6173-4033-9094-896E43002BC1}"
EndProject
Project("{2150E333-8FDC-42A3-9474-1A3956D46DE8}") = "Currency", "Currency", "{9A1E5672-1719-4159-8680-095343A99A73}"
EndProject
Project("{2150E333-8FDC-42A3-9474-1A3956D46DE8}") = "Timezones", "Timezones", "{9FFB798B-1473-4336-90EF-EE863E710B47}"
EndProject
Project("{2150E333-8FDC-42A3-9474-1A3956D46DE8}") = "Text", "Text", "{73FC749B-99BC-4171-821C-52F79963F263}"
EndProject
Project("{FAE04EC0-301F-11D3-BF4B-00C04F79EFBC}") = "CultureDifferences", "Example\CultureDifferences.csproj", "{B8EC6606-236B-42BD-8154-339D7109B608}"
EndProject
Project("{FAE04EC0-301F-11D3-BF4B-00C04F79EFBC}") = "StandardMethods", "DateAndTime\StandardMethods\StandardMethods.csproj", "{04A4A3EC-AE7B-4CC5-8305-D85A7ED2FF4F}"
EndProject
Project("{FAE04EC0-301F-11D3-BF4B-00C04F79EFBC}") = "TimeZones", "DateAndTime\TimeZones\TimeZones.csproj", "{4488E2DE-B208-45BC-ADBA-E8BC207CC3BD}"
EndProject
Project("{FAE04EC0-301F-11D3-BF4B-00C04F79EFBC}") = "FormatDate", "DateAndTime\FormatDate\FormatDate.csproj", "{46FFEFC2-901B-407E-9815-03F844CB9D40}"
EndProject
Project("{FAE04EC0-301F-11D3-BF4B-00C04F79EFBC}") = "UniversalTime", "DateAndTime\UniversalTime\UniversalTime.csproj", "{A9743EAC-FA45-4751-8702-22EC434F9A62}"
EndProject
Project("{FAE04EC0-301F-11D3-BF4B-00C04F79EFBC}") = "List timezones", "DataTime\List timezones\List timezones.csproj", "{4CAAB68E-E6C8-4BD3-96A7-A26259943B9D}"
EndProject
Project("{FAE04EC0-301F-11D3-BF4B-00C04F79EFBC}") = "Currency", "Currency\Currency\Currency.csproj", "{9A0B91D9-7299-468B-A0CB-F81638668CE1}"
EndProject
Project("{FAE04EC0-301F-11D3-BF4B-00C04F79EFBC}") = "TimezoneCookie", "TimeZones\TimezoneCookie\TimezoneCookie.csproj", "{CD1AEAD1-B1FD-475F-919B-B7864B374752}"
EndProject
Project("{FAE04EC0-301F-11D3-BF4B-00C04F79EFBC}") = "TimeZoneCookieWithFilter", "TimeZones\TimeZoneCookieWithFilter\TimeZoneCookieWithFilter.csproj", "{AF4F0B1C-5C2D-4214-84D4-E0D8DB2DE53C}"
EndProject
Project("{FAE04EC0-301F-11D3-BF4B-00C04F79EFBC}") = "StringTables", "Text\StringTables\StringTables.csproj", "{EC334F31-076D-4243-AE26-C39C7899B223}"
EndProject
Project("{FAE04EC0-301F-11D3-BF4B-00C04F79EFBC}") = "System.ComponentModel.DataAnnotations", "Text\System.ComponentModel.DataAnnotations\System.ComponentModel.DataAnnotations.csproj", "{E89F0766-E622-4BEF-AE6B-7F04360EA445}"
EndProject
Project("{FAE04EC0-301F-11D3-BF4B-00C04F79EFBC}") = "ClassLibraryDevelopers", "Text\ClassLibraryDevelopers\ClassLibraryDevelopers.csproj", "{88A4B08B-7791-47FD-B1F4-61D83267B8FC}"
EndProject
Project("{FAE04EC0-301F-11D3-BF4B-00C04F79EFBC}") = "AspNet", "Test\AspNet\AspNet.csproj", "{5A48B734-5BB8-426F-8AB2-04A9C096B194}"
EndProject
Project("{FAE04EC0-301F-11D3-BF4B-00C04F79EFBC}") = "MvcViews", "MvcViews\MvcViews.csproj", "{1B8E0DA8-7BCA-4631-9F35-0A680E289527}"
EndProject
Project("{FAE04EC0-301F-11D3-BF4B-00C04F79EFBC}") = "MvcModels", "MvcModels\MvcModels.csproj", "{9AA44C00-68D4-4D1C-B94A-8F5C2EE1D7CD}"
EndProject
Project("{FAE04EC0-301F-11D3-BF4B-00C04F79EFBC}") = "MvcValidation", "MvcValidation\MvcValidation.csproj", "{2F97057A-B336-4CE7-B94B-AF8BDD3F6657}"
EndProject
Project("{FAE04EC0-301F-11D3-BF4B-00C04F79EFBC}") = "GriffinMvcConctrib", "GriffinMvcConctrib\GriffinMvcConctrib.csproj", "{74A09B99-29F9-4C4D-BE7F-FD1B9BF8EA00}"
EndProject
Project("{2150E333-8FDC-42A3-9474-1A3956D46DE8}") = "Javascript", "Javascript", "{F207DB89-1089-4C53-939F-AE8985BE6669}"
EndProject
Project("{FAE04EC0-301F-11D3-BF4B-00C04F79EFBC}") = "LangTag", "LangTag\LangTag.csproj", "{D8A842DC-E9C0-4038-A542-1DDE718BE6F8}"
EndProject
Project("{FAE04EC0-301F-11D3-BF4B-00C04F79EFBC}") = "Money", "Currency\Money\Money.csproj", "{6638C214-B97A-4F62-9009-FB28F65F7291}"
EndProject
Project("{2150E333-8FDC-42A3-9474-1A3956D46DE8}") = "Numbers", "Numbers", "{90B70053-A57D-4149-B2D6-CB4927DD9034}"
EndProject
Project("{FAE04EC0-301F-11D3-BF4B-00C04F79EFBC}") = "RegularFormatter", "Numbers\RegularFormatter\RegularFormatter.csproj", "{6FD8EC00-E296-4EC1-A53B-10AF893F75AD}"
EndProject
Project("{2150E333-8FDC-42A3-9474-1A3956D46DE8}") = "Javascript", "Javascript", "{7F3F3FA4-42AE-4A9C-943B-311856650B12}"
	ProjectSection(SolutionItems) = preProject
		FormatNumber.html = FormatNumber.html
	EndProjectSection
EndProject
Global
	GlobalSection(SolutionConfigurationPlatforms) = preSolution
		Debug|Any CPU = Debug|Any CPU
		Debug|Mixed Platforms = Debug|Mixed Platforms
		Debug|x86 = Debug|x86
		Release|Any CPU = Release|Any CPU
		Release|Mixed Platforms = Release|Mixed Platforms
		Release|x86 = Release|x86
	EndGlobalSection
	GlobalSection(ProjectConfigurationPlatforms) = postSolution
		{B8EC6606-236B-42BD-8154-339D7109B608}.Debug|Any CPU.ActiveCfg = Debug|x86
		{B8EC6606-236B-42BD-8154-339D7109B608}.Debug|Mixed Platforms.ActiveCfg = Debug|x86
		{B8EC6606-236B-42BD-8154-339D7109B608}.Debug|Mixed Platforms.Build.0 = Debug|x86
		{B8EC6606-236B-42BD-8154-339D7109B608}.Debug|x86.ActiveCfg = Debug|x86
		{B8EC6606-236B-42BD-8154-339D7109B608}.Debug|x86.Build.0 = Debug|x86
		{B8EC6606-236B-42BD-8154-339D7109B608}.Release|Any CPU.ActiveCfg = Release|x86
		{B8EC6606-236B-42BD-8154-339D7109B608}.Release|Mixed Platforms.ActiveCfg = Release|x86
		{B8EC6606-236B-42BD-8154-339D7109B608}.Release|Mixed Platforms.Build.0 = Release|x86
		{B8EC6606-236B-42BD-8154-339D7109B608}.Release|x86.ActiveCfg = Release|x86
		{B8EC6606-236B-42BD-8154-339D7109B608}.Release|x86.Build.0 = Release|x86
		{04A4A3EC-AE7B-4CC5-8305-D85A7ED2FF4F}.Debug|Any CPU.ActiveCfg = Debug|x86
		{04A4A3EC-AE7B-4CC5-8305-D85A7ED2FF4F}.Debug|Mixed Platforms.ActiveCfg = Debug|x86
		{04A4A3EC-AE7B-4CC5-8305-D85A7ED2FF4F}.Debug|Mixed Platforms.Build.0 = Debug|x86
		{04A4A3EC-AE7B-4CC5-8305-D85A7ED2FF4F}.Debug|x86.ActiveCfg = Debug|x86
		{04A4A3EC-AE7B-4CC5-8305-D85A7ED2FF4F}.Debug|x86.Build.0 = Debug|x86
		{04A4A3EC-AE7B-4CC5-8305-D85A7ED2FF4F}.Release|Any CPU.ActiveCfg = Release|x86
		{04A4A3EC-AE7B-4CC5-8305-D85A7ED2FF4F}.Release|Mixed Platforms.ActiveCfg = Release|x86
		{04A4A3EC-AE7B-4CC5-8305-D85A7ED2FF4F}.Release|Mixed Platforms.Build.0 = Release|x86
		{04A4A3EC-AE7B-4CC5-8305-D85A7ED2FF4F}.Release|x86.ActiveCfg = Release|x86
		{04A4A3EC-AE7B-4CC5-8305-D85A7ED2FF4F}.Release|x86.Build.0 = Release|x86
		{4488E2DE-B208-45BC-ADBA-E8BC207CC3BD}.Debug|Any CPU.ActiveCfg = Debug|x86
		{4488E2DE-B208-45BC-ADBA-E8BC207CC3BD}.Debug|Mixed Platforms.ActiveCfg = Debug|x86
		{4488E2DE-B208-45BC-ADBA-E8BC207CC3BD}.Debug|Mixed Platforms.Build.0 = Debug|x86
		{4488E2DE-B208-45BC-ADBA-E8BC207CC3BD}.Debug|x86.ActiveCfg = Debug|x86
		{4488E2DE-B208-45BC-ADBA-E8BC207CC3BD}.Debug|x86.Build.0 = Debug|x86
		{4488E2DE-B208-45BC-ADBA-E8BC207CC3BD}.Release|Any CPU.ActiveCfg = Release|x86
		{4488E2DE-B208-45BC-ADBA-E8BC207CC3BD}.Release|Mixed Platforms.ActiveCfg = Release|x86
		{4488E2DE-B208-45BC-ADBA-E8BC207CC3BD}.Release|Mixed Platforms.Build.0 = Release|x86
		{4488E2DE-B208-45BC-ADBA-E8BC207CC3BD}.Release|x86.ActiveCfg = Release|x86
		{4488E2DE-B208-45BC-ADBA-E8BC207CC3BD}.Release|x86.Build.0 = Release|x86
		{46FFEFC2-901B-407E-9815-03F844CB9D40}.Debug|Any CPU.ActiveCfg = Debug|x86
		{46FFEFC2-901B-407E-9815-03F844CB9D40}.Debug|Mixed Platforms.ActiveCfg = Debug|x86
		{46FFEFC2-901B-407E-9815-03F844CB9D40}.Debug|Mixed Platforms.Build.0 = Debug|x86
		{46FFEFC2-901B-407E-9815-03F844CB9D40}.Debug|x86.ActiveCfg = Debug|x86
		{46FFEFC2-901B-407E-9815-03F844CB9D40}.Debug|x86.Build.0 = Debug|x86
		{46FFEFC2-901B-407E-9815-03F844CB9D40}.Release|Any CPU.ActiveCfg = Release|x86
		{46FFEFC2-901B-407E-9815-03F844CB9D40}.Release|Mixed Platforms.ActiveCfg = Release|x86
		{46FFEFC2-901B-407E-9815-03F844CB9D40}.Release|Mixed Platforms.Build.0 = Release|x86
		{46FFEFC2-901B-407E-9815-03F844CB9D40}.Release|x86.ActiveCfg = Release|x86
		{46FFEFC2-901B-407E-9815-03F844CB9D40}.Release|x86.Build.0 = Release|x86
		{A9743EAC-FA45-4751-8702-22EC434F9A62}.Debug|Any CPU.ActiveCfg = Debug|x86
		{A9743EAC-FA45-4751-8702-22EC434F9A62}.Debug|Mixed Platforms.ActiveCfg = Debug|x86
		{A9743EAC-FA45-4751-8702-22EC434F9A62}.Debug|Mixed Platforms.Build.0 = Debug|x86
		{A9743EAC-FA45-4751-8702-22EC434F9A62}.Debug|x86.ActiveCfg = Debug|x86
		{A9743EAC-FA45-4751-8702-22EC434F9A62}.Debug|x86.Build.0 = Debug|x86
		{A9743EAC-FA45-4751-8702-22EC434F9A62}.Release|Any CPU.ActiveCfg = Release|x86
		{A9743EAC-FA45-4751-8702-22EC434F9A62}.Release|Mixed Platforms.ActiveCfg = Release|x86
		{A9743EAC-FA45-4751-8702-22EC434F9A62}.Release|Mixed Platforms.Build.0 = Release|x86
		{A9743EAC-FA45-4751-8702-22EC434F9A62}.Release|x86.ActiveCfg = Release|x86
		{A9743EAC-FA45-4751-8702-22EC434F9A62}.Release|x86.Build.0 = Release|x86
		{4CAAB68E-E6C8-4BD3-96A7-A26259943B9D}.Debug|Any CPU.ActiveCfg = Debug|x86
		{4CAAB68E-E6C8-4BD3-96A7-A26259943B9D}.Debug|Mixed Platforms.ActiveCfg = Debug|x86
		{4CAAB68E-E6C8-4BD3-96A7-A26259943B9D}.Debug|Mixed Platforms.Build.0 = Debug|x86
		{4CAAB68E-E6C8-4BD3-96A7-A26259943B9D}.Debug|x86.ActiveCfg = Debug|x86
		{4CAAB68E-E6C8-4BD3-96A7-A26259943B9D}.Debug|x86.Build.0 = Debug|x86
		{4CAAB68E-E6C8-4BD3-96A7-A26259943B9D}.Release|Any CPU.ActiveCfg = Release|x86
		{4CAAB68E-E6C8-4BD3-96A7-A26259943B9D}.Release|Mixed Platforms.ActiveCfg = Release|x86
		{4CAAB68E-E6C8-4BD3-96A7-A26259943B9D}.Release|Mixed Platforms.Build.0 = Release|x86
		{4CAAB68E-E6C8-4BD3-96A7-A26259943B9D}.Release|x86.ActiveCfg = Release|x86
		{4CAAB68E-E6C8-4BD3-96A7-A26259943B9D}.Release|x86.Build.0 = Release|x86
		{9A0B91D9-7299-468B-A0CB-F81638668CE1}.Debug|Any CPU.ActiveCfg = Debug|x86
		{9A0B91D9-7299-468B-A0CB-F81638668CE1}.Debug|Mixed Platforms.ActiveCfg = Debug|x86
		{9A0B91D9-7299-468B-A0CB-F81638668CE1}.Debug|Mixed Platforms.Build.0 = Debug|x86
		{9A0B91D9-7299-468B-A0CB-F81638668CE1}.Debug|x86.ActiveCfg = Debug|x86
		{9A0B91D9-7299-468B-A0CB-F81638668CE1}.Debug|x86.Build.0 = Debug|x86
		{9A0B91D9-7299-468B-A0CB-F81638668CE1}.Release|Any CPU.ActiveCfg = Release|x86
		{9A0B91D9-7299-468B-A0CB-F81638668CE1}.Release|Mixed Platforms.ActiveCfg = Release|x86
		{9A0B91D9-7299-468B-A0CB-F81638668CE1}.Release|Mixed Platforms.Build.0 = Release|x86
		{9A0B91D9-7299-468B-A0CB-F81638668CE1}.Release|x86.ActiveCfg = Release|x86
		{9A0B91D9-7299-468B-A0CB-F81638668CE1}.Release|x86.Build.0 = Release|x86
		{CD1AEAD1-B1FD-475F-919B-B7864B374752}.Debug|Any CPU.ActiveCfg = Debug|Any CPU
		{CD1AEAD1-B1FD-475F-919B-B7864B374752}.Debug|Any CPU.Build.0 = Debug|Any CPU
		{CD1AEAD1-B1FD-475F-919B-B7864B374752}.Debug|Mixed Platforms.ActiveCfg = Debug|Any CPU
		{CD1AEAD1-B1FD-475F-919B-B7864B374752}.Debug|Mixed Platforms.Build.0 = Debug|Any CPU
		{CD1AEAD1-B1FD-475F-919B-B7864B374752}.Debug|x86.ActiveCfg = Debug|Any CPU
		{CD1AEAD1-B1FD-475F-919B-B7864B374752}.Release|Any CPU.ActiveCfg = Release|Any CPU
		{CD1AEAD1-B1FD-475F-919B-B7864B374752}.Release|Any CPU.Build.0 = Release|Any CPU
		{CD1AEAD1-B1FD-475F-919B-B7864B374752}.Release|Mixed Platforms.ActiveCfg = Release|Any CPU
		{CD1AEAD1-B1FD-475F-919B-B7864B374752}.Release|Mixed Platforms.Build.0 = Release|Any CPU
		{CD1AEAD1-B1FD-475F-919B-B7864B374752}.Release|x86.ActiveCfg = Release|Any CPU
		{AF4F0B1C-5C2D-4214-84D4-E0D8DB2DE53C}.Debug|Any CPU.ActiveCfg = Debug|Any CPU
		{AF4F0B1C-5C2D-4214-84D4-E0D8DB2DE53C}.Debug|Any CPU.Build.0 = Debug|Any CPU
		{AF4F0B1C-5C2D-4214-84D4-E0D8DB2DE53C}.Debug|Mixed Platforms.ActiveCfg = Debug|Any CPU
		{AF4F0B1C-5C2D-4214-84D4-E0D8DB2DE53C}.Debug|Mixed Platforms.Build.0 = Debug|Any CPU
		{AF4F0B1C-5C2D-4214-84D4-E0D8DB2DE53C}.Debug|x86.ActiveCfg = Debug|Any CPU
		{AF4F0B1C-5C2D-4214-84D4-E0D8DB2DE53C}.Release|Any CPU.ActiveCfg = Release|Any CPU
		{AF4F0B1C-5C2D-4214-84D4-E0D8DB2DE53C}.Release|Any CPU.Build.0 = Release|Any CPU
		{AF4F0B1C-5C2D-4214-84D4-E0D8DB2DE53C}.Release|Mixed Platforms.ActiveCfg = Release|Any CPU
		{AF4F0B1C-5C2D-4214-84D4-E0D8DB2DE53C}.Release|Mixed Platforms.Build.0 = Release|Any CPU
		{AF4F0B1C-5C2D-4214-84D4-E0D8DB2DE53C}.Release|x86.ActiveCfg = Release|Any CPU
		{EC334F31-076D-4243-AE26-C39C7899B223}.Debug|Any CPU.ActiveCfg = Debug|x86
		{EC334F31-076D-4243-AE26-C39C7899B223}.Debug|Mixed Platforms.ActiveCfg = Debug|x86
		{EC334F31-076D-4243-AE26-C39C7899B223}.Debug|Mixed Platforms.Build.0 = Debug|x86
		{EC334F31-076D-4243-AE26-C39C7899B223}.Debug|x86.ActiveCfg = Debug|x86
		{EC334F31-076D-4243-AE26-C39C7899B223}.Debug|x86.Build.0 = Debug|x86
		{EC334F31-076D-4243-AE26-C39C7899B223}.Release|Any CPU.ActiveCfg = Release|x86
		{EC334F31-076D-4243-AE26-C39C7899B223}.Release|Mixed Platforms.ActiveCfg = Release|x86
		{EC334F31-076D-4243-AE26-C39C7899B223}.Release|Mixed Platforms.Build.0 = Release|x86
		{EC334F31-076D-4243-AE26-C39C7899B223}.Release|x86.ActiveCfg = Release|x86
		{EC334F31-076D-4243-AE26-C39C7899B223}.Release|x86.Build.0 = Release|x86
		{E89F0766-E622-4BEF-AE6B-7F04360EA445}.Debug|Any CPU.ActiveCfg = Debug|Any CPU
		{E89F0766-E622-4BEF-AE6B-7F04360EA445}.Debug|Any CPU.Build.0 = Debug|Any CPU
		{E89F0766-E622-4BEF-AE6B-7F04360EA445}.Debug|Mixed Platforms.ActiveCfg = Debug|Any CPU
		{E89F0766-E622-4BEF-AE6B-7F04360EA445}.Debug|Mixed Platforms.Build.0 = Debug|Any CPU
		{E89F0766-E622-4BEF-AE6B-7F04360EA445}.Debug|x86.ActiveCfg = Debug|Any CPU
		{E89F0766-E622-4BEF-AE6B-7F04360EA445}.Release|Any CPU.ActiveCfg = Release|Any CPU
		{E89F0766-E622-4BEF-AE6B-7F04360EA445}.Release|Any CPU.Build.0 = Release|Any CPU
		{E89F0766-E622-4BEF-AE6B-7F04360EA445}.Release|Mixed Platforms.ActiveCfg = Release|Any CPU
		{E89F0766-E622-4BEF-AE6B-7F04360EA445}.Release|Mixed Platforms.Build.0 = Release|Any CPU
		{E89F0766-E622-4BEF-AE6B-7F04360EA445}.Release|x86.ActiveCfg = Release|Any CPU
		{88A4B08B-7791-47FD-B1F4-61D83267B8FC}.Debug|Any CPU.ActiveCfg = Debug|x86
		{88A4B08B-7791-47FD-B1F4-61D83267B8FC}.Debug|Mixed Platforms.ActiveCfg = Debug|x86
		{88A4B08B-7791-47FD-B1F4-61D83267B8FC}.Debug|Mixed Platforms.Build.0 = Debug|x86
		{88A4B08B-7791-47FD-B1F4-61D83267B8FC}.Debug|x86.ActiveCfg = Debug|x86
		{88A4B08B-7791-47FD-B1F4-61D83267B8FC}.Debug|x86.Build.0 = Debug|x86
		{88A4B08B-7791-47FD-B1F4-61D83267B8FC}.Release|Any CPU.ActiveCfg = Release|x86
		{88A4B08B-7791-47FD-B1F4-61D83267B8FC}.Release|Mixed Platforms.ActiveCfg = Release|x86
		{88A4B08B-7791-47FD-B1F4-61D83267B8FC}.Release|Mixed Platforms.Build.0 = Release|x86
		{88A4B08B-7791-47FD-B1F4-61D83267B8FC}.Release|x86.ActiveCfg = Release|x86
		{88A4B08B-7791-47FD-B1F4-61D83267B8FC}.Release|x86.Build.0 = Release|x86
		{5A48B734-5BB8-426F-8AB2-04A9C096B194}.Debug|Any CPU.ActiveCfg = Debug|Any CPU
		{5A48B734-5BB8-426F-8AB2-04A9C096B194}.Debug|Any CPU.Build.0 = Debug|Any CPU
		{5A48B734-5BB8-426F-8AB2-04A9C096B194}.Debug|Mixed Platforms.ActiveCfg = Debug|Any CPU
		{5A48B734-5BB8-426F-8AB2-04A9C096B194}.Debug|Mixed Platforms.Build.0 = Debug|Any CPU
		{5A48B734-5BB8-426F-8AB2-04A9C096B194}.Debug|x86.ActiveCfg = Debug|Any CPU
		{5A48B734-5BB8-426F-8AB2-04A9C096B194}.Release|Any CPU.ActiveCfg = Release|Any CPU
		{5A48B734-5BB8-426F-8AB2-04A9C096B194}.Release|Any CPU.Build.0 = Release|Any CPU
		{5A48B734-5BB8-426F-8AB2-04A9C096B194}.Release|Mixed Platforms.ActiveCfg = Release|Any CPU
		{5A48B734-5BB8-426F-8AB2-04A9C096B194}.Release|Mixed Platforms.Build.0 = Release|Any CPU
		{5A48B734-5BB8-426F-8AB2-04A9C096B194}.Release|x86.ActiveCfg = Release|Any CPU
		{1B8E0DA8-7BCA-4631-9F35-0A680E289527}.Debug|Any CPU.ActiveCfg = Debug|Any CPU
		{1B8E0DA8-7BCA-4631-9F35-0A680E289527}.Debug|Any CPU.Build.0 = Debug|Any CPU
		{1B8E0DA8-7BCA-4631-9F35-0A680E289527}.Debug|Mixed Platforms.ActiveCfg = Debug|Any CPU
		{1B8E0DA8-7BCA-4631-9F35-0A680E289527}.Debug|Mixed Platforms.Build.0 = Debug|Any CPU
		{1B8E0DA8-7BCA-4631-9F35-0A680E289527}.Debug|x86.ActiveCfg = Debug|Any CPU
		{1B8E0DA8-7BCA-4631-9F35-0A680E289527}.Release|Any CPU.ActiveCfg = Release|Any CPU
		{1B8E0DA8-7BCA-4631-9F35-0A680E289527}.Release|Any CPU.Build.0 = Release|Any CPU
		{1B8E0DA8-7BCA-4631-9F35-0A680E289527}.Release|Mixed Platforms.ActiveCfg = Release|Any CPU
		{1B8E0DA8-7BCA-4631-9F35-0A680E289527}.Release|Mixed Platforms.Build.0 = Release|Any CPU
		{1B8E0DA8-7BCA-4631-9F35-0A680E289527}.Release|x86.ActiveCfg = Release|Any CPU
		{9AA44C00-68D4-4D1C-B94A-8F5C2EE1D7CD}.Debug|Any CPU.ActiveCfg = Debug|Any CPU
		{9AA44C00-68D4-4D1C-B94A-8F5C2EE1D7CD}.Debug|Any CPU.Build.0 = Debug|Any CPU
		{9AA44C00-68D4-4D1C-B94A-8F5C2EE1D7CD}.Debug|Mixed Platforms.ActiveCfg = Debug|Any CPU
		{9AA44C00-68D4-4D1C-B94A-8F5C2EE1D7CD}.Debug|Mixed Platforms.Build.0 = Debug|Any CPU
		{9AA44C00-68D4-4D1C-B94A-8F5C2EE1D7CD}.Debug|x86.ActiveCfg = Debug|Any CPU
		{9AA44C00-68D4-4D1C-B94A-8F5C2EE1D7CD}.Release|Any CPU.ActiveCfg = Release|Any CPU
		{9AA44C00-68D4-4D1C-B94A-8F5C2EE1D7CD}.Release|Any CPU.Build.0 = Release|Any CPU
		{9AA44C00-68D4-4D1C-B94A-8F5C2EE1D7CD}.Release|Mixed Platforms.ActiveCfg = Release|Any CPU
		{9AA44C00-68D4-4D1C-B94A-8F5C2EE1D7CD}.Release|Mixed Platforms.Build.0 = Release|Any CPU
		{9AA44C00-68D4-4D1C-B94A-8F5C2EE1D7CD}.Release|x86.ActiveCfg = Release|Any CPU
		{2F97057A-B336-4CE7-B94B-AF8BDD3F6657}.Debug|Any CPU.ActiveCfg = Debug|Any CPU
		{2F97057A-B336-4CE7-B94B-AF8BDD3F6657}.Debug|Any CPU.Build.0 = Debug|Any CPU
		{2F97057A-B336-4CE7-B94B-AF8BDD3F6657}.Debug|Mixed Platforms.ActiveCfg = Debug|Any CPU
		{2F97057A-B336-4CE7-B94B-AF8BDD3F6657}.Debug|Mixed Platforms.Build.0 = Debug|Any CPU
		{2F97057A-B336-4CE7-B94B-AF8BDD3F6657}.Debug|x86.ActiveCfg = Debug|Any CPU
		{2F97057A-B336-4CE7-B94B-AF8BDD3F6657}.Release|Any CPU.ActiveCfg = Release|Any CPU
		{2F97057A-B336-4CE7-B94B-AF8BDD3F6657}.Release|Any CPU.Build.0 = Release|Any CPU
		{2F97057A-B336-4CE7-B94B-AF8BDD3F6657}.Release|Mixed Platforms.ActiveCfg = Release|Any CPU
		{2F97057A-B336-4CE7-B94B-AF8BDD3F6657}.Release|Mixed Platforms.Build.0 = Release|Any CPU
		{2F97057A-B336-4CE7-B94B-AF8BDD3F6657}.Release|x86.ActiveCfg = Release|Any CPU
		{74A09B99-29F9-4C4D-BE7F-FD1B9BF8EA00}.Debug|Any CPU.ActiveCfg = Debug|Any CPU
		{74A09B99-29F9-4C4D-BE7F-FD1B9BF8EA00}.Debug|Any CPU.Build.0 = Debug|Any CPU
		{74A09B99-29F9-4C4D-BE7F-FD1B9BF8EA00}.Debug|Mixed Platforms.ActiveCfg = Debug|Any CPU
		{74A09B99-29F9-4C4D-BE7F-FD1B9BF8EA00}.Debug|Mixed Platforms.Build.0 = Debug|Any CPU
		{74A09B99-29F9-4C4D-BE7F-FD1B9BF8EA00}.Debug|x86.ActiveCfg = Debug|Any CPU
		{74A09B99-29F9-4C4D-BE7F-FD1B9BF8EA00}.Release|Any CPU.ActiveCfg = Release|Any CPU
		{74A09B99-29F9-4C4D-BE7F-FD1B9BF8EA00}.Release|Any CPU.Build.0 = Release|Any CPU
		{74A09B99-29F9-4C4D-BE7F-FD1B9BF8EA00}.Release|Mixed Platforms.ActiveCfg = Release|Any CPU
		{74A09B99-29F9-4C4D-BE7F-FD1B9BF8EA00}.Release|Mixed Platforms.Build.0 = Release|Any CPU
		{74A09B99-29F9-4C4D-BE7F-FD1B9BF8EA00}.Release|x86.ActiveCfg = Release|Any CPU
		{D8A842DC-E9C0-4038-A542-1DDE718BE6F8}.Debug|Any CPU.ActiveCfg = Debug|Any CPU
		{D8A842DC-E9C0-4038-A542-1DDE718BE6F8}.Debug|Any CPU.Build.0 = Debug|Any CPU
		{D8A842DC-E9C0-4038-A542-1DDE718BE6F8}.Debug|Mixed Platforms.ActiveCfg = Debug|Any CPU
		{D8A842DC-E9C0-4038-A542-1DDE718BE6F8}.Debug|Mixed Platforms.Build.0 = Debug|Any CPU
		{D8A842DC-E9C0-4038-A542-1DDE718BE6F8}.Debug|x86.ActiveCfg = Debug|Any CPU
		{D8A842DC-E9C0-4038-A542-1DDE718BE6F8}.Release|Any CPU.ActiveCfg = Release|Any CPU
		{D8A842DC-E9C0-4038-A542-1DDE718BE6F8}.Release|Any CPU.Build.0 = Release|Any CPU
		{D8A842DC-E9C0-4038-A542-1DDE718BE6F8}.Release|Mixed Platforms.ActiveCfg = Release|Any CPU
		{D8A842DC-E9C0-4038-A542-1DDE718BE6F8}.Release|Mixed Platforms.Build.0 = Release|Any CPU
		{D8A842DC-E9C0-4038-A542-1DDE718BE6F8}.Release|x86.ActiveCfg = Release|Any CPU
		{6638C214-B97A-4F62-9009-FB28F65F7291}.Debug|Any CPU.ActiveCfg = Debug|Any CPU
		{6638C214-B97A-4F62-9009-FB28F65F7291}.Debug|Any CPU.Build.0 = Debug|Any CPU
		{6638C214-B97A-4F62-9009-FB28F65F7291}.Debug|Mixed Platforms.ActiveCfg = Debug|Any CPU
		{6638C214-B97A-4F62-9009-FB28F65F7291}.Debug|Mixed Platforms.Build.0 = Debug|Any CPU
		{6638C214-B97A-4F62-9009-FB28F65F7291}.Debug|x86.ActiveCfg = Debug|Any CPU
		{6638C214-B97A-4F62-9009-FB28F65F7291}.Release|Any CPU.ActiveCfg = Release|Any CPU
		{6638C214-B97A-4F62-9009-FB28F65F7291}.Release|Any CPU.Build.0 = Release|Any CPU
		{6638C214-B97A-4F62-9009-FB28F65F7291}.Release|Mixed Platforms.ActiveCfg = Release|Any CPU
		{6638C214-B97A-4F62-9009-FB28F65F7291}.Release|Mixed Platforms.Build.0 = Release|Any CPU
		{6638C214-B97A-4F62-9009-FB28F65F7291}.Release|x86.ActiveCfg = Release|Any CPU
		{6FD8EC00-E296-4EC1-A53B-10AF893F75AD}.Debug|Any CPU.ActiveCfg = Debug|Any CPU
		{6FD8EC00-E296-4EC1-A53B-10AF893F75AD}.Debug|Any CPU.Build.0 = Debug|Any CPU
		{6FD8EC00-E296-4EC1-A53B-10AF893F75AD}.Debug|Mixed Platforms.ActiveCfg = Debug|Any CPU
		{6FD8EC00-E296-4EC1-A53B-10AF893F75AD}.Debug|Mixed Platforms.Build.0 = Debug|Any CPU
		{6FD8EC00-E296-4EC1-A53B-10AF893F75AD}.Debug|x86.ActiveCfg = Debug|Any CPU
		{6FD8EC00-E296-4EC1-A53B-10AF893F75AD}.Release|Any CPU.ActiveCfg = Release|Any CPU
		{6FD8EC00-E296-4EC1-A53B-10AF893F75AD}.Release|Any CPU.Build.0 = Release|Any CPU
		{6FD8EC00-E296-4EC1-A53B-10AF893F75AD}.Release|Mixed Platforms.ActiveCfg = Release|Any CPU
		{6FD8EC00-E296-4EC1-A53B-10AF893F75AD}.Release|Mixed Platforms.Build.0 = Release|Any CPU
		{6FD8EC00-E296-4EC1-A53B-10AF893F75AD}.Release|x86.ActiveCfg = Release|Any CPU
	EndGlobalSection
	GlobalSection(SolutionProperties) = preSolution
		HideSolutionNode = FALSE
	EndGlobalSection
	GlobalSection(NestedProjects) = preSolution
		{04A4A3EC-AE7B-4CC5-8305-D85A7ED2FF4F} = {EDD80840-9B3F-4E77-A12D-7C001D533936}
		{4488E2DE-B208-45BC-ADBA-E8BC207CC3BD} = {EDD80840-9B3F-4E77-A12D-7C001D533936}
		{46FFEFC2-901B-407E-9815-03F844CB9D40} = {EDD80840-9B3F-4E77-A12D-7C001D533936}
		{A9743EAC-FA45-4751-8702-22EC434F9A62} = {EDD80840-9B3F-4E77-A12D-7C001D533936}
		{4CAAB68E-E6C8-4BD3-96A7-A26259943B9D} = {EDD80840-9B3F-4E77-A12D-7C001D533936}
		{B8EC6606-236B-42BD-8154-339D7109B608} = {DACBF893-6173-4033-9094-896E43002BC1}
		{9A0B91D9-7299-468B-A0CB-F81638668CE1} = {9A1E5672-1719-4159-8680-095343A99A73}
		{6638C214-B97A-4F62-9009-FB28F65F7291} = {9A1E5672-1719-4159-8680-095343A99A73}
		{CD1AEAD1-B1FD-475F-919B-B7864B374752} = {9FFB798B-1473-4336-90EF-EE863E710B47}
		{AF4F0B1C-5C2D-4214-84D4-E0D8DB2DE53C} = {9FFB798B-1473-4336-90EF-EE863E710B47}
		{EC334F31-076D-4243-AE26-C39C7899B223} = {73FC749B-99BC-4171-821C-52F79963F263}
		{88A4B08B-7791-47FD-B1F4-61D83267B8FC} = {73FC749B-99BC-4171-821C-52F79963F263}
		{5A48B734-5BB8-426F-8AB2-04A9C096B194} = {73FC749B-99BC-4171-821C-52F79963F263}
		{1B8E0DA8-7BCA-4631-9F35-0A680E289527} = {73FC749B-99BC-4171-821C-52F79963F263}
		{9AA44C00-68D4-4D1C-B94A-8F5C2EE1D7CD} = {73FC749B-99BC-4171-821C-52F79963F263}
		{2F97057A-B336-4CE7-B94B-AF8BDD3F6657} = {73FC749B-99BC-4171-821C-52F79963F263}
		{74A09B99-29F9-4C4D-BE7F-FD1B9BF8EA00} = {73FC749B-99BC-4171-821C-52F79963F263}
		{F207DB89-1089-4C53-939F-AE8985BE6669} = {73FC749B-99BC-4171-821C-52F79963F263}
		{D8A842DC-E9C0-4038-A542-1DDE718BE6F8} = {F207DB89-1089-4C53-939F-AE8985BE6669}
		{6FD8EC00-E296-4EC1-A53B-10AF893F75AD} = {90B70053-A57D-4149-B2D6-CB4927DD9034}
		{7F3F3FA4-42AE-4A9C-943B-311856650B12} = {90B70053-A57D-4149-B2D6-CB4927DD9034}
	EndGlobalSection
EndGlobal
